github.com/coder/websocket v1.8.14 h1:9L0p0iKiNOibykf283eHkKUHHrpG7f65OE3BhhO7v9g=
github.com/coder/websocket v1.8.14/go.mod h1:NX3SzP+inril6yawo5CQXx8+fk145lPDC6pumgx0mVg=
github.com/gen2brain/malgo v0.11.24 h1:hHcIJVfzWcEDHFdPl5Dl/CUSOjzOleY0zzAV8Kx+imE=
github.com/gen2brain/malgo v0.11.24/go.mod h1:f9TtuN7DVrXMiV/yIceMeWpvanyVzJQMlBecJFVMxww=
github.com/joho/godotenv v1.5.1 h1:7eLL/+HRGLY0ldzfGMeQkb7vMd0as4CfYvUVzLqw0N0=
github.com/joho/godotenv v1.5.1/go.mod h1:f4LDr5Voq0i2e/R5DDNOoa2zzDfwtkZa6DnEwAbqwq4=
github.com/stretchr/testify v1.12.1 h1:EuwCh5fleGS7H32xRwO3wRGT7DxrDhLAT6FF8MpWDWE=
github.com/stretchr/testify v1.12.1/go.mod h1:MDEgiDPPsNp5cuIrHPPCyornHKgEVbtFUmoNlxoYthg=
github.com/yalue/onnxruntime_go v1.12.0 h1:UtrSZOV9cY9j8ualjiakzRSn7H+bvu6QyCHAA3QwKns=
github.com/yalue/onnxruntime_go v1.12.0/go.mod h1:b4X26A8pekNb1ACJ58wAXgNKeUCGEAQ9dmACut9Sm/4=
go.yaml.in/yaml/v3 v3.0.5 h1:N6y/pJk8buWs9NY5ERU2HSMfm+IuD/OtfdAnq6kESPw=
go.yaml.in/yaml/v3 v3.0.5/go.mod h1:HVTZu1O7/Vkt2N+BFy8Zza+lnLsABggaTM2ZpNIGuKg=
golang.org/x/exp v0.0.0-20231110203233-9a3e6036ecaa h1:FRnLl4eNAQl8hwxVVC17teOw8kdjVDVAiFMtgUdTSRQ=
golang.org/x/exp v0.0.0-20231110203233-9a3e6036ecaa/go.mod h1:zk2irFbV9DP96SEBUUAy67IdHUaZuSnrz1n472HUCLE=
gonum.org/v1/gonum v0.15.0 h1:2lYxjRbTYyxkJxlhC+LvJIx3SsANPdRybu1tGj9/OrQ=
gonum.org/v1/gonum v0.15.0/go.mod h1:xzZVBJBtS+Mz4q0Yl2LJTk+OxOg4jiXZ7qBoM0uISGo=
